
Microsoft Visual Studio Solution File, Format Version 12.00
# Visual Studio Version 16
VisualStudioVersion = 16.0.30523.141
MinimumVisualStudioVersion = 10.0.40219.1
Project("{FAE04EC0-301F-11D3-BF4B-00C04F79EFBC}") = "MVC API Example", "MVC API Example\MVC API Example.csproj", "{3806AAA8-E6BD-4000-A73E-ACCB93429468}"
EndProject
Global
	GlobalSection(SolutionConfigurationPlatforms) = preSolution
		Debug|Any CPU = Debug|Any CPU
		Release|Any CPU = Release|Any CPU
	EndGlobalSection
	GlobalSection(ProjectConfigurationPlatforms) = postSolution
		{3806AAA8-E6BD-4000-A73E-ACCB93429468}.Debug|Any CPU.ActiveCfg = Debug|Any CPU
		{3806AAA8-E6BD-4000-A73E-ACCB93429468}.Debug|Any CPU.Build.0 = Debug|Any CPU
		{3806AAA8-E6BD-4000-A73E-ACCB93429468}.Release|Any CPU.ActiveCfg = Release|Any CPU
		{3806AAA8-E6BD-4000-A73E-ACCB93429468}.Release|Any CPU.Build.0 = Release|Any CPU
	EndGlobalSection
	GlobalSection(SolutionProperties) = preSolution
		HideSolutionNode = FALSE
	EndGlobalSection
	GlobalSection(ExtensibilityGlobals) = postSolution
		SolutionGuid = {B6A85872-2A0B-4556-8364-B1D72EA3B385}
	EndGlobalSection
EndGlobal
